
Microsoft Visual Studio Solution File, Format Version 12.00
# Visual Studio Version 16
VisualStudioVersion = 16.0.30104.148
MinimumVisualStudioVersion = 10.0.40219.1
Project("{FAE04EC0-301F-11D3-BF4B-00C04F79EFBC}") = "ConsoleApp2", "ConsoleApp2\ConsoleApp2.csproj", "{93301212-64FC-4DC1-B03E-025E156BD452}"
EndProject
Global
	GlobalSection(SolutionConfigurationPlatforms) = preSolution
		Debug|Any CPU = Debug|Any CPU
		Release|Any CPU = Release|Any CPU
	EndGlobalSection
	GlobalSection(ProjectConfigurationPlatforms) = postSolution
		{93301212-64FC-4DC1-B03E-025E156BD452}.Debug|Any CPU.ActiveCfg = Debug|Any CPU
		{93301212-64FC-4DC1-B03E-025E156BD452}.Debug|Any CPU.Build.0 = Debug|Any CPU
		{93301212-64FC-4DC1-B03E-025E156BD452}.Release|Any CPU.ActiveCfg = Release|Any CPU
		{93301212-64FC-4DC1-B03E-025E156BD452}.Release|Any CPU.Build.0 = Release|Any CPU
	EndGlobalSection
	GlobalSection(SolutionProperties) = preSolution
		HideSolutionNode = FALSE
	EndGlobalSection
	GlobalSection(ExtensibilityGlobals) = postSolution
		SolutionGuid = {7D269697-673E-48CC-B20F-16290576498E}
	EndGlobalSection
EndGlobal
